
Microsoft Visual Studio Solution File, Format Version 12.00
# Visual Studio Version 16
VisualStudioVersion = 16.0.32126.315
MinimumVisualStudioVersion = 10.0.40219.1
Project("{FAE04EC0-301F-11D3-BF4B-00C04F79EFBC}") = "Lab6", "Lab6\Lab6.csproj", "{11F3B1E5-ED16-463C-8450-1A45EF8822BE}"
EndProject
Project("{FAE04EC0-301F-11D3-BF4B-00C04F79EFBC}") = "TestProject1", "TestProject1\TestProject1.csproj", "{3C8DD67C-8C8F-4C70-AD02-A4C89221A4CA}"
EndProject
Global
	GlobalSection(SolutionConfigurationPlatforms) = preSolution
		Debug|Any CPU = Debug|Any CPU
		Release|Any CPU = Release|Any CPU
	EndGlobalSection
	GlobalSection(ProjectConfigurationPlatforms) = postSolution
		{11F3B1E5-ED16-463C-8450-1A45EF8822BE}.Debug|Any CPU.ActiveCfg = Debug|Any CPU
		{11F3B1E5-ED16-463C-8450-1A45EF8822BE}.Debug|Any CPU.Build.0 = Debug|Any CPU
		{11F3B1E5-ED16-463C-8450-1A45EF8822BE}.Release|Any CPU.ActiveCfg = Release|Any CPU
		{11F3B1E5-ED16-463C-8450-1A45EF8822BE}.Release|Any CPU.Build.0 = Release|Any CPU
		{3C8DD67C-8C8F-4C70-AD02-A4C89221A4CA}.Debug|Any CPU.ActiveCfg = Debug|Any CPU
		{3C8DD67C-8C8F-4C70-AD02-A4C89221A4CA}.Debug|Any CPU.Build.0 = Debug|Any CPU
		{3C8DD67C-8C8F-4C70-AD02-A4C89221A4CA}.Release|Any CPU.ActiveCfg = Release|Any CPU
		{3C8DD67C-8C8F-4C70-AD02-A4C89221A4CA}.Release|Any CPU.Build.0 = Release|Any CPU
	EndGlobalSection
	GlobalSection(SolutionProperties) = preSolution
		HideSolutionNode = FALSE
	EndGlobalSection
	GlobalSection(ExtensibilityGlobals) = postSolution
		SolutionGuid = {BE1B0FCF-D79C-409C-BC7D-F4B61531D441}
	EndGlobalSection
EndGlobal
